
Microsoft Visual Studio Solution File, Format Version 12.00
# Visual Studio Version 16
VisualStudioVersion = 16.0.30523.141
MinimumVisualStudioVersion = 10.0.40219.1
Project("{FAE04EC0-301F-11D3-BF4B-00C04F79EFBC}") = "KafkaProducer", "KafkaProducer\KafkaProducer.csproj", "{9DE3BF06-1D50-4603-997F-DAF4136EFE63}"
EndProject
Project("{FAE04EC0-301F-11D3-BF4B-00C04F79EFBC}") = "KafkaConsumer", "KafkaConsumer\KafkaConsumer.csproj", "{DC17F6A6-48DF-410C-A01D-01C6BEC2857F}"
EndProject
Global
	GlobalSection(SolutionConfigurationPlatforms) = preSolution
		Debug|Any CPU = Debug|Any CPU
		Release|Any CPU = Release|Any CPU
	EndGlobalSection
	GlobalSection(ProjectConfigurationPlatforms) = postSolution
		{9DE3BF06-1D50-4603-997F-DAF4136EFE63}.Debug|Any CPU.ActiveCfg = Debug|Any CPU
		{9DE3BF06-1D50-4603-997F-DAF4136EFE63}.Debug|Any CPU.Build.0 = Debug|Any CPU
		{9DE3BF06-1D50-4603-997F-DAF4136EFE63}.Release|Any CPU.ActiveCfg = Release|Any CPU
		{9DE3BF06-1D50-4603-997F-DAF4136EFE63}.Release|Any CPU.Build.0 = Release|Any CPU
		{DC17F6A6-48DF-410C-A01D-01C6BEC2857F}.Debug|Any CPU.ActiveCfg = Debug|Any CPU
		{DC17F6A6-48DF-410C-A01D-01C6BEC2857F}.Debug|Any CPU.Build.0 = Debug|Any CPU
		{DC17F6A6-48DF-410C-A01D-01C6BEC2857F}.Release|Any CPU.ActiveCfg = Release|Any CPU
		{DC17F6A6-48DF-410C-A01D-01C6BEC2857F}.Release|Any CPU.Build.0 = Release|Any CPU
	EndGlobalSection
	GlobalSection(SolutionProperties) = preSolution
		HideSolutionNode = FALSE
	EndGlobalSection
	GlobalSection(ExtensibilityGlobals) = postSolution
		SolutionGuid = {298E0DA1-8DE3-40D7-9371-E676B25C1F06}
	EndGlobalSection
EndGlobal
